
Microsoft Visual Studio Solution File, Format Version 12.00
# Visual Studio Version 16
VisualStudioVersion = 16.0.30517.126
MinimumVisualStudioVersion = 10.0.40219.1
Project("{8BC9CEB8-8B4A-11D0-8D11-00A0C91BC942}") = "practoce_problems", "practoce_problems\practoce_problems.vcxproj", "{31D0F390-C6E3-45A6-AE58-F9C7F3854879}"
EndProject
Project("{8BC9CEB8-8B4A-11D0-8D11-00A0C91BC942}") = "reverse_string", "reverse_string\reverse_string.vcxproj", "{C8213BB8-B27B-450D-BB9F-A689498906AD}"
EndProject
Project("{8BC9CEB8-8B4A-11D0-8D11-00A0C91BC942}") = "balloon_cost", "balloon_cost\balloon_cost.vcxproj", "{F5B437A8-7AEF-43B7-A623-97263D08CE16}"
EndProject
Project("{8BC9CEB8-8B4A-11D0-8D11-00A0C91BC942}") = "seat_arrangement", "seat_arrangement\seat_arrangement.vcxproj", "{B442AF98-BCEA-4BC1-BF09-47DFD697A208}"
EndProject
Project("{8BC9CEB8-8B4A-11D0-8D11-00A0C91BC942}") = "Anagrams", "Anagrams\Anagrams.vcxproj", "{496113D8-F600-4F6C-8E96-C6493ACFAC1B}"
EndProject
Project("{8BC9CEB8-8B4A-11D0-8D11-00A0C91BC942}") = "find_product", "find_product\find_product.vcxproj", "{5AC45A8D-EC8E-4D93-B0B2-0362ED5C27B3}"
EndProject
Project("{8BC9CEB8-8B4A-11D0-8D11-00A0C91BC942}") = "split_houses", "split_houses\split_houses.vcxproj", "{A21C7C0D-CD98-4F85-857D-5396B0B3FEAC}"
EndProject
Project("{8BC9CEB8-8B4A-11D0-8D11-00A0C91BC942}") = "factorials", "factorials\factorials.vcxproj", "{FE154ED4-A671-40E9-BA8F-00A214E34577}"
EndProject
Project("{8BC9CEB8-8B4A-11D0-8D11-00A0C91BC942}") = "roy_profile_picture", "roy_profile_picture\roy_profile_picture.vcxproj", "{D9AA1FA7-2315-4599-B586-558279BE1523}"
EndProject
Project("{8BC9CEB8-8B4A-11D0-8D11-00A0C91BC942}") = "toggle_string", "toggle_string\toggle_string.vcxproj", "{F85EF62D-18D2-40CD-A579-E38185410B40}"
EndProject
Project("{8BC9CEB8-8B4A-11D0-8D11-00A0C91BC942}") = "palidome_string", "palidome_string\palidome_string.vcxproj", "{232AC595-1551-40CB-9CA1-D418E0A2EB6A}"
EndProject
Project("{8BC9CEB8-8B4A-11D0-8D11-00A0C91BC942}") = "count_divisors", "count_divisors\count_divisors.vcxproj", "{D3944528-4F81-4D99-921B-837DCBF36425}"
EndProject
Project("{8BC9CEB8-8B4A-11D0-8D11-00A0C91BC942}") = "zoos", "zoos\zoos.vcxproj", "{4BE7A7D8-C9CB-495D-B6EF-0AD2CADCEA1D}"
EndProject
Project("{8BC9CEB8-8B4A-11D0-8D11-00A0C91BC942}") = "split_houses2", "split_houses2\split_houses2.vcxproj", "{CF30D658-2C56-42A2-A666-F99A053C76E8}"
EndProject
Project("{8BC9CEB8-8B4A-11D0-8D11-00A0C91BC942}") = "vc_pairs", "vc_pairs\vc_pairs.vcxproj", "{2D8FDFFC-2BBA-402C-BAC2-5D533ABBE849}"
EndProject
Project("{8BC9CEB8-8B4A-11D0-8D11-00A0C91BC942}") = "shorten_code", "shorten_code\shorten_code.vcxproj", "{6238C19E-9E8A-4B98-921A-63A489DB59FE}"
EndProject
Project("{8BC9CEB8-8B4A-11D0-8D11-00A0C91BC942}") = "playground", "playground\playground.vcxproj", "{356E8E70-4044-4392-96F9-5A2BD7BB161B}"
EndProject
Project("{8BC9CEB8-8B4A-11D0-8D11-00A0C91BC942}") = "alice_strings", "alice_strings\alice_strings.vcxproj", "{D7020D4D-E0F6-45D7-9352-B0596D167DC5}"
EndProject
Project("{8BC9CEB8-8B4A-11D0-8D11-00A0C91BC942}") = "sumit_string", "sumit_string\sumit_string.vcxproj", "{B7D6002F-C7A7-4F4F-B2B4-1E409E00CC14}"
EndProject
Project("{8BC9CEB8-8B4A-11D0-8D11-00A0C91BC942}") = "capicúa", "capicúa\capicúa.vcxproj", "{30A86D85-66BE-4AD1-92D1-2DEC1E24C49D}"
EndProject
Project("{8BC9CEB8-8B4A-11D0-8D11-00A0C91BC942}") = "dna_pride", "dna_pride\dna_pride.vcxproj", "{B57D5D2C-EE5F-4346-8472-87D175D3D1F3}"
EndProject
Project("{8BC9CEB8-8B4A-11D0-8D11-00A0C91BC942}") = "vowelphobia", "vowelphobia\vowelphobia.vcxproj", "{39BCF8BC-29D1-4A16-AB6B-749030DC739B}"
EndProject
Project("{8BC9CEB8-8B4A-11D0-8D11-00A0C91BC942}") = "compiler_version", "compiler_version\compiler_version.vcxproj", "{3CE3E9DF-E0C7-4818-BB71-23777DBB48F7}"
EndProject
Project("{8BC9CEB8-8B4A-11D0-8D11-00A0C91BC942}") = "first_occurance", "first_occurance\first_occurance.vcxproj", "{9F460A23-143D-4D2E-98B3-CDE1CDD2D8DC}"
EndProject
Project("{8BC9CEB8-8B4A-11D0-8D11-00A0C91BC942}") = "palindrome", "palindrome\palindrome.vcxproj", "{86C8A612-5810-46AF-8FC2-8DC6088C30F3}"
EndProject
Project("{8BC9CEB8-8B4A-11D0-8D11-00A0C91BC942}") = "conversion", "conversion\conversion.vcxproj", "{F8AD8CC3-5D0E-4A49-8B01-6B9D95709C92}"
EndProject
Project("{8BC9CEB8-8B4A-11D0-8D11-00A0C91BC942}") = "duplicates", "duplicates\duplicates.vcxproj", "{C398119E-08E1-461D-8D57-AF092AF80056}"
EndProject
Project("{8BC9CEB8-8B4A-11D0-8D11-00A0C91BC942}") = "secret_messages", "secret_messages\secret_messages.vcxproj", "{8D92E4DD-D4CD-479A-A0CA-EDDD2C8ED2D2}"
EndProject
Project("{8BC9CEB8-8B4A-11D0-8D11-00A0C91BC942}") = "ashish_and_binary_matrix", "ashish_and_binary_matrix\ashish_and_binary_matrix.vcxproj", "{4F2F4926-02D5-4524-88E6-D9F06CC399D0}"
EndProject
Global
	GlobalSection(SolutionConfigurationPlatforms) = preSolution
		Debug|x64 = Debug|x64
		Debug|x86 = Debug|x86
		Release|x64 = Release|x64
		Release|x86 = Release|x86
	EndGlobalSection
	GlobalSection(ProjectConfigurationPlatforms) = postSolution
		{31D0F390-C6E3-45A6-AE58-F9C7F3854879}.Debug|x64.ActiveCfg = Debug|x64
		{31D0F390-C6E3-45A6-AE58-F9C7F3854879}.Debug|x64.Build.0 = Debug|x64
		{31D0F390-C6E3-45A6-AE58-F9C7F3854879}.Debug|x86.ActiveCfg = Debug|Win32
		{31D0F390-C6E3-45A6-AE58-F9C7F3854879}.Debug|x86.Build.0 = Debug|Win32
		{31D0F390-C6E3-45A6-AE58-F9C7F3854879}.Release|x64.ActiveCfg = Release|x64
		{31D0F390-C6E3-45A6-AE58-F9C7F3854879}.Release|x64.Build.0 = Release|x64
		{31D0F390-C6E3-45A6-AE58-F9C7F3854879}.Release|x86.ActiveCfg = Release|Win32
		{31D0F390-C6E3-45A6-AE58-F9C7F3854879}.Release|x86.Build.0 = Release|Win32
		{C8213BB8-B27B-450D-BB9F-A689498906AD}.Debug|x64.ActiveCfg = Debug|x64
		{C8213BB8-B27B-450D-BB9F-A689498906AD}.Debug|x64.Build.0 = Debug|x64
		{C8213BB8-B27B-450D-BB9F-A689498906AD}.Debug|x86.ActiveCfg = Debug|Win32
		{C8213BB8-B27B-450D-BB9F-A689498906AD}.Debug|x86.Build.0 = Debug|Win32
		{C8213BB8-B27B-450D-BB9F-A689498906AD}.Release|x64.ActiveCfg = Release|x64
		{C8213BB8-B27B-450D-BB9F-A689498906AD}.Release|x64.Build.0 = Release|x64
		{C8213BB8-B27B-450D-BB9F-A689498906AD}.Release|x86.ActiveCfg = Release|Win32
		{C8213BB8-B27B-450D-BB9F-A689498906AD}.Release|x86.Build.0 = Release|Win32
		{F5B437A8-7AEF-43B7-A623-97263D08CE16}.Debug|x64.ActiveCfg = Debug|x64
		{F5B437A8-7AEF-43B7-A623-97263D08CE16}.Debug|x64.Build.0 = Debug|x64
		{F5B437A8-7AEF-43B7-A623-97263D08CE16}.Debug|x86.ActiveCfg = Debug|Win32
		{F5B437A8-7AEF-43B7-A623-97263D08CE16}.Debug|x86.Build.0 = Debug|Win32
		{F5B437A8-7AEF-43B7-A623-97263D08CE16}.Release|x64.ActiveCfg = Release|x64
		{F5B437A8-7AEF-43B7-A623-97263D08CE16}.Release|x64.Build.0 = Release|x64
		{F5B437A8-7AEF-43B7-A623-97263D08CE16}.Release|x86.ActiveCfg = Release|Win32
		{F5B437A8-7AEF-43B7-A623-97263D08CE16}.Release|x86.Build.0 = Release|Win32
		{B442AF98-BCEA-4BC1-BF09-47DFD697A208}.Debug|x64.ActiveCfg = Debug|x64
		{B442AF98-BCEA-4BC1-BF09-47DFD697A208}.Debug|x64.Build.0 = Debug|x64
		{B442AF98-BCEA-4BC1-BF09-47DFD697A208}.Debug|x86.ActiveCfg = Debug|Win32
		{B442AF98-BCEA-4BC1-BF09-47DFD697A208}.Debug|x86.Build.0 = Debug|Win32
		{B442AF98-BCEA-4BC1-BF09-47DFD697A208}.Release|x64.ActiveCfg = Release|x64
		{B442AF98-BCEA-4BC1-BF09-47DFD697A208}.Release|x64.Build.0 = Release|x64
		{B442AF98-BCEA-4BC1-BF09-47DFD697A208}.Release|x86.ActiveCfg = Release|Win32
		{B442AF98-BCEA-4BC1-BF09-47DFD697A208}.Release|x86.Build.0 = Release|Win32
		{496113D8-F600-4F6C-8E96-C6493ACFAC1B}.Debug|x64.ActiveCfg = Debug|x64
		{496113D8-F600-4F6C-8E96-C6493ACFAC1B}.Debug|x64.Build.0 = Debug|x64
		{496113D8-F600-4F6C-8E96-C6493ACFAC1B}.Debug|x86.ActiveCfg = Debug|Win32
		{496113D8-F600-4F6C-8E96-C6493ACFAC1B}.Debug|x86.Build.0 = Debug|Win32
		{496113D8-F600-4F6C-8E96-C6493ACFAC1B}.Release|x64.ActiveCfg = Release|x64
		{496113D8-F600-4F6C-8E96-C6493ACFAC1B}.Release|x64.Build.0 = Release|x64
		{496113D8-F600-4F6C-8E96-C6493ACFAC1B}.Release|x86.ActiveCfg = Release|Win32
		{496113D8-F600-4F6C-8E96-C6493ACFAC1B}.Release|x86.Build.0 = Release|Win32
		{5AC45A8D-EC8E-4D93-B0B2-0362ED5C27B3}.Debug|x64.ActiveCfg = Debug|x64
		{5AC45A8D-EC8E-4D93-B0B2-0362ED5C27B3}.Debug|x64.Build.0 = Debug|x64
		{5AC45A8D-EC8E-4D93-B0B2-0362ED5C27B3}.Debug|x86.ActiveCfg = Debug|Win32
		{5AC45A8D-EC8E-4D93-B0B2-0362ED5C27B3}.Debug|x86.Build.0 = Debug|Win32
		{5AC45A8D-EC8E-4D93-B0B2-0362ED5C27B3}.Release|x64.ActiveCfg = Release|x64
		{5AC45A8D-EC8E-4D93-B0B2-0362ED5C27B3}.Release|x64.Build.0 = Release|x64
		{5AC45A8D-EC8E-4D93-B0B2-0362ED5C27B3}.Release|x86.ActiveCfg = Release|Win32
		{5AC45A8D-EC8E-4D93-B0B2-0362ED5C27B3}.Release|x86.Build.0 = Release|Win32
		{A21C7C0D-CD98-4F85-857D-5396B0B3FEAC}.Debug|x64.ActiveCfg = Debug|x64
		{A21C7C0D-CD98-4F85-857D-5396B0B3FEAC}.Debug|x64.Build.0 = Debug|x64
		{A21C7C0D-CD98-4F85-857D-5396B0B3FEAC}.Debug|x86.ActiveCfg = Debug|Win32
		{A21C7C0D-CD98-4F85-857D-5396B0B3FEAC}.Debug|x86.Build.0 = Debug|Win32
		{A21C7C0D-CD98-4F85-857D-5396B0B3FEAC}.Release|x64.ActiveCfg = Release|x64
		{A21C7C0D-CD98-4F85-857D-5396B0B3FEAC}.Release|x64.Build.0 = Release|x64
		{A21C7C0D-CD98-4F85-857D-5396B0B3FEAC}.Release|x86.ActiveCfg = Release|Win32
		{A21C7C0D-CD98-4F85-857D-5396B0B3FEAC}.Release|x86.Build.0 = Release|Win32
		{FE154ED4-A671-40E9-BA8F-00A214E34577}.Debug|x64.ActiveCfg = Debug|x64
		{FE154ED4-A671-40E9-BA8F-00A214E34577}.Debug|x64.Build.0 = Debug|x64
		{FE154ED4-A671-40E9-BA8F-00A214E34577}.Debug|x86.ActiveCfg = Debug|Win32
		{FE154ED4-A671-40E9-BA8F-00A214E34577}.Debug|x86.Build.0 = Debug|Win32
		{FE154ED4-A671-40E9-BA8F-00A214E34577}.Release|x64.ActiveCfg = Release|x64
		{FE154ED4-A671-40E9-BA8F-00A214E34577}.Release|x64.Build.0 = Release|x64
		{FE154ED4-A671-40E9-BA8F-00A214E34577}.Release|x86.ActiveCfg = Release|Win32
		{FE154ED4-A671-40E9-BA8F-00A214E34577}.Release|x86.Build.0 = Release|Win32
		{D9AA1FA7-2315-4599-B586-558279BE1523}.Debug|x64.ActiveCfg = Debug|x64
		{D9AA1FA7-2315-4599-B586-558279BE1523}.Debug|x64.Build.0 = Debug|x64
		{D9AA1FA7-2315-4599-B586-558279BE1523}.Debug|x86.ActiveCfg = Debug|Win32
		{D9AA1FA7-2315-4599-B586-558279BE1523}.Debug|x86.Build.0 = Debug|Win32
		{D9AA1FA7-2315-4599-B586-558279BE1523}.Release|x64.ActiveCfg = Release|x64
		{D9AA1FA7-2315-4599-B586-558279BE1523}.Release|x64.Build.0 = Release|x64
		{D9AA1FA7-2315-4599-B586-558279BE1523}.Release|x86.ActiveCfg = Release|Win32
		{D9AA1FA7-2315-4599-B586-558279BE1523}.Release|x86.Build.0 = Release|Win32
		{F85EF62D-18D2-40CD-A579-E38185410B40}.Debug|x64.ActiveCfg = Debug|x64
		{F85EF62D-18D2-40CD-A579-E38185410B40}.Debug|x64.Build.0 = Debug|x64
		{F85EF62D-18D2-40CD-A579-E38185410B40}.Debug|x86.ActiveCfg = Debug|Win32
		{F85EF62D-18D2-40CD-A579-E38185410B40}.Debug|x86.Build.0 = Debug|Win32
		{F85EF62D-18D2-40CD-A579-E38185410B40}.Release|x64.ActiveCfg = Release|x64
		{F85EF62D-18D2-40CD-A579-E38185410B40}.Release|x64.Build.0 = Release|x64
		{F85EF62D-18D2-40CD-A579-E38185410B40}.Release|x86.ActiveCfg = Release|Win32
		{F85EF62D-18D2-40CD-A579-E38185410B40}.Release|x86.Build.0 = Release|Win32
		{232AC595-1551-40CB-9CA1-D418E0A2EB6A}.Debug|x64.ActiveCfg = Debug|x64
		{232AC595-1551-40CB-9CA1-D418E0A2EB6A}.Debug|x64.Build.0 = Debug|x64
		{232AC595-1551-40CB-9CA1-D418E0A2EB6A}.Debug|x86.ActiveCfg = Debug|Win32
		{232AC595-1551-40CB-9CA1-D418E0A2EB6A}.Debug|x86.Build.0 = Debug|Win32
		{232AC595-1551-40CB-9CA1-D418E0A2EB6A}.Release|x64.ActiveCfg = Release|x64
		{232AC595-1551-40CB-9CA1-D418E0A2EB6A}.Release|x64.Build.0 = Release|x64
		{232AC595-1551-40CB-9CA1-D418E0A2EB6A}.Release|x86.ActiveCfg = Release|Win32
		{232AC595-1551-40CB-9CA1-D418E0A2EB6A}.Release|x86.Build.0 = Release|Win32
		{D3944528-4F81-4D99-921B-837DCBF36425}.Debug|x64.ActiveCfg = Debug|x64
		{D3944528-4F81-4D99-921B-837DCBF36425}.Debug|x64.Build.0 = Debug|x64
		{D3944528-4F81-4D99-921B-837DCBF36425}.Debug|x86.ActiveCfg = Debug|Win32
		{D3944528-4F81-4D99-921B-837DCBF36425}.Debug|x86.Build.0 = Debug|Win32
		{D3944528-4F81-4D99-921B-837DCBF36425}.Release|x64.ActiveCfg = Release|x64
		{D3944528-4F81-4D99-921B-837DCBF36425}.Release|x64.Build.0 = Release|x64
		{D3944528-4F81-4D99-921B-837DCBF36425}.Release|x86.ActiveCfg = Release|Win32
		{D3944528-4F81-4D99-921B-837DCBF36425}.Release|x86.Build.0 = Release|Win32
		{4BE7A7D8-C9CB-495D-B6EF-0AD2CADCEA1D}.Debug|x64.ActiveCfg = Debug|x64
		{4BE7A7D8-C9CB-495D-B6EF-0AD2CADCEA1D}.Debug|x64.Build.0 = Debug|x64
		{4BE7A7D8-C9CB-495D-B6EF-0AD2CADCEA1D}.Debug|x86.ActiveCfg = Debug|Win32
		{4BE7A7D8-C9CB-495D-B6EF-0AD2CADCEA1D}.Debug|x86.Build.0 = Debug|Win32
		{4BE7A7D8-C9CB-495D-B6EF-0AD2CADCEA1D}.Release|x64.ActiveCfg = Release|x64
		{4BE7A7D8-C9CB-495D-B6EF-0AD2CADCEA1D}.Release|x64.Build.0 = Release|x64
		{4BE7A7D8-C9CB-495D-B6EF-0AD2CADCEA1D}.Release|x86.ActiveCfg = Release|Win32
		{4BE7A7D8-C9CB-495D-B6EF-0AD2CADCEA1D}.Release|x86.Build.0 = Release|Win32
		{CF30D658-2C56-42A2-A666-F99A053C76E8}.Debug|x64.ActiveCfg = Debug|x64
		{CF30D658-2C56-42A2-A666-F99A053C76E8}.Debug|x64.Build.0 = Debug|x64
		{CF30D658-2C56-42A2-A666-F99A053C76E8}.Debug|x86.ActiveCfg = Debug|Win32
		{CF30D658-2C56-42A2-A666-F99A053C76E8}.Debug|x86.Build.0 = Debug|Win32
		{CF30D658-2C56-42A2-A666-F99A053C76E8}.Release|x64.ActiveCfg = Release|x64
		{CF30D658-2C56-42A2-A666-F99A053C76E8}.Release|x64.Build.0 = Release|x64
		{CF30D658-2C56-42A2-A666-F99A053C76E8}.Release|x86.ActiveCfg = Release|Win32
		{CF30D658-2C56-42A2-A666-F99A053C76E8}.Release|x86.Build.0 = Release|Win32
		{2D8FDFFC-2BBA-402C-BAC2-5D533ABBE849}.Debug|x64.ActiveCfg = Debug|x64
		{2D8FDFFC-2BBA-402C-BAC2-5D533ABBE849}.Debug|x64.Build.0 = Debug|x64
		{2D8FDFFC-2BBA-402C-BAC2-5D533ABBE849}.Debug|x86.ActiveCfg = Debug|Win32
		{2D8FDFFC-2BBA-402C-BAC2-5D533ABBE849}.Debug|x86.Build.0 = Debug|Win32
		{2D8FDFFC-2BBA-402C-BAC2-5D533ABBE849}.Release|x64.ActiveCfg = Release|x64
		{2D8FDFFC-2BBA-402C-BAC2-5D533ABBE849}.Release|x64.Build.0 = Release|x64
		{2D8FDFFC-2BBA-402C-BAC2-5D533ABBE849}.Release|x86.ActiveCfg = Release|Win32
		{2D8FDFFC-2BBA-402C-BAC2-5D533ABBE849}.Release|x86.Build.0 = Release|Win32
		{6238C19E-9E8A-4B98-921A-63A489DB59FE}.Debug|x64.ActiveCfg = Debug|x64
		{6238C19E-9E8A-4B98-921A-63A489DB59FE}.Debug|x64.Build.0 = Debug|x64
		{6238C19E-9E8A-4B98-921A-63A489DB59FE}.Debug|x86.ActiveCfg = Debug|Win32
		{6238C19E-9E8A-4B98-921A-63A489DB59FE}.Debug|x86.Build.0 = Debug|Win32
		{6238C19E-9E8A-4B98-921A-63A489DB59FE}.Release|x64.ActiveCfg = Release|x64
		{6238C19E-9E8A-4B98-921A-63A489DB59FE}.Release|x64.Build.0 = Release|x64
		{6238C19E-9E8A-4B98-921A-63A489DB59FE}.Release|x86.ActiveCfg = Release|Win32
		{6238C19E-9E8A-4B98-921A-63A489DB59FE}.Release|x86.Build.0 = Release|Win32
		{356E8E70-4044-4392-96F9-5A2BD7BB161B}.Debug|x64.ActiveCfg = Debug|x64
		{356E8E70-4044-4392-96F9-5A2BD7BB161B}.Debug|x64.Build.0 = Debug|x64
		{356E8E70-4044-4392-96F9-5A2BD7BB161B}.Debug|x86.ActiveCfg = Debug|Win32
		{356E8E70-4044-4392-96F9-5A2BD7BB161B}.Debug|x86.Build.0 = Debug|Win32
		{356E8E70-4044-4392-96F9-5A2BD7BB161B}.Release|x64.ActiveCfg = Release|x64
		{356E8E70-4044-4392-96F9-5A2BD7BB161B}.Release|x64.Build.0 = Release|x64
		{356E8E70-4044-4392-96F9-5A2BD7BB161B}.Release|x86.ActiveCfg = Release|Win32
		{356E8E70-4044-4392-96F9-5A2BD7BB161B}.Release|x86.Build.0 = Release|Win32
		{D7020D4D-E0F6-45D7-9352-B0596D167DC5}.Debug|x64.ActiveCfg = Debug|x64
		{D7020D4D-E0F6-45D7-9352-B0596D167DC5}.Debug|x64.Build.0 = Debug|x64
		{D7020D4D-E0F6-45D7-9352-B0596D167DC5}.Debug|x86.ActiveCfg = Debug|Win32
		{D7020D4D-E0F6-45D7-9352-B0596D167DC5}.Debug|x86.Build.0 = Debug|Win32
		{D7020D4D-E0F6-45D7-9352-B0596D167DC5}.Release|x64.ActiveCfg = Release|x64
		{D7020D4D-E0F6-45D7-9352-B0596D167DC5}.Release|x64.Build.0 = Release|x64
		{D7020D4D-E0F6-45D7-9352-B0596D167DC5}.Release|x86.ActiveCfg = Release|Win32
		{D7020D4D-E0F6-45D7-9352-B0596D167DC5}.Release|x86.Build.0 = Release|Win32
		{B7D6002F-C7A7-4F4F-B2B4-1E409E00CC14}.Debug|x64.ActiveCfg = Debug|x64
		{B7D6002F-C7A7-4F4F-B2B4-1E409E00CC14}.Debug|x64.Build.0 = Debug|x64
		{B7D6002F-C7A7-4F4F-B2B4-1E409E00CC14}.Debug|x86.ActiveCfg = Debug|Win32
		{B7D6002F-C7A7-4F4F-B2B4-1E409E00CC14}.Debug|x86.Build.0 = Debug|Win32
		{B7D6002F-C7A7-4F4F-B2B4-1E409E00CC14}.Release|x64.ActiveCfg = Release|x64
		{B7D6002F-C7A7-4F4F-B2B4-1E409E00CC14}.Release|x64.Build.0 = Release|x64
		{B7D6002F-C7A7-4F4F-B2B4-1E409E00CC14}.Release|x86.ActiveCfg = Release|Win32
		{B7D6002F-C7A7-4F4F-B2B4-1E409E00CC14}.Release|x86.Build.0 = Release|Win32
		{30A86D85-66BE-4AD1-92D1-2DEC1E24C49D}.Debug|x64.ActiveCfg = Debug|x64
		{30A86D85-66BE-4AD1-92D1-2DEC1E24C49D}.Debug|x64.Build.0 = Debug|x64
		{30A86D85-66BE-4AD1-92D1-2DEC1E24C49D}.Debug|x86.ActiveCfg = Debug|Win32
		{30A86D85-66BE-4AD1-92D1-2DEC1E24C49D}.Debug|x86.Build.0 = Debug|Win32
		{30A86D85-66BE-4AD1-92D1-2DEC1E24C49D}.Release|x64.ActiveCfg = Release|x64
		{30A86D85-66BE-4AD1-92D1-2DEC1E24C49D}.Release|x64.Build.0 = Release|x64
		{30A86D85-66BE-4AD1-92D1-2DEC1E24C49D}.Release|x86.ActiveCfg = Release|Win32
		{30A86D85-66BE-4AD1-92D1-2DEC1E24C49D}.Release|x86.Build.0 = Release|Win32
		{B57D5D2C-EE5F-4346-8472-87D175D3D1F3}.Debug|x64.ActiveCfg = Debug|x64
		{B57D5D2C-EE5F-4346-8472-87D175D3D1F3}.Debug|x64.Build.0 = Debug|x64
		{B57D5D2C-EE5F-4346-8472-87D175D3D1F3}.Debug|x86.ActiveCfg = Debug|Win32
		{B57D5D2C-EE5F-4346-8472-87D175D3D1F3}.Debug|x86.Build.0 = Debug|Win32
		{B57D5D2C-EE5F-4346-8472-87D175D3D1F3}.Release|x64.ActiveCfg = Release|x64
		{B57D5D2C-EE5F-4346-8472-87D175D3D1F3}.Release|x64.Build.0 = Release|x64
		{B57D5D2C-EE5F-4346-8472-87D175D3D1F3}.Release|x86.ActiveCfg = Release|Win32
		{B57D5D2C-EE5F-4346-8472-87D175D3D1F3}.Release|x86.Build.0 = Release|Win32
		{39BCF8BC-29D1-4A16-AB6B-749030DC739B}.Debug|x64.ActiveCfg = Debug|x64
		{39BCF8BC-29D1-4A16-AB6B-749030DC739B}.Debug|x64.Build.0 = Debug|x64
		{39BCF8BC-29D1-4A16-AB6B-749030DC739B}.Debug|x86.ActiveCfg = Debug|Win32
		{39BCF8BC-29D1-4A16-AB6B-749030DC739B}.Debug|x86.Build.0 = Debug|Win32
		{39BCF8BC-29D1-4A16-AB6B-749030DC739B}.Release|x64.ActiveCfg = Release|x64
		{39BCF8BC-29D1-4A16-AB6B-749030DC739B}.Release|x64.Build.0 = Release|x64
		{39BCF8BC-29D1-4A16-AB6B-749030DC739B}.Release|x86.ActiveCfg = Release|Win32
		{39BCF8BC-29D1-4A16-AB6B-749030DC739B}.Release|x86.Build.0 = Release|Win32
		{3CE3E9DF-E0C7-4818-BB71-23777DBB48F7}.Debug|x64.ActiveCfg = Debug|x64
		{3CE3E9DF-E0C7-4818-BB71-23777DBB48F7}.Debug|x64.Build.0 = Debug|x64
		{3CE3E9DF-E0C7-4818-BB71-23777DBB48F7}.Debug|x86.ActiveCfg = Debug|Win32
		{3CE3E9DF-E0C7-4818-BB71-23777DBB48F7}.Debug|x86.Build.0 = Debug|Win32
		{3CE3E9DF-E0C7-4818-BB71-23777DBB48F7}.Release|x64.ActiveCfg = Release|x64
		{3CE3E9DF-E0C7-4818-BB71-23777DBB48F7}.Release|x64.Build.0 = Release|x64
		{3CE3E9DF-E0C7-4818-BB71-23777DBB48F7}.Release|x86.ActiveCfg = Release|Win32
		{3CE3E9DF-E0C7-4818-BB71-23777DBB48F7}.Release|x86.Build.0 = Release|Win32
		{9F460A23-143D-4D2E-98B3-CDE1CDD2D8DC}.Debug|x64.ActiveCfg = Debug|x64
		{9F460A23-143D-4D2E-98B3-CDE1CDD2D8DC}.Debug|x64.Build.0 = Debug|x64
		{9F460A23-143D-4D2E-98B3-CDE1CDD2D8DC}.Debug|x86.ActiveCfg = Debug|Win32
		{9F460A23-143D-4D2E-98B3-CDE1CDD2D8DC}.Debug|x86.Build.0 = Debug|Win32
		{9F460A23-143D-4D2E-98B3-CDE1CDD2D8DC}.Release|x64.ActiveCfg = Release|x64
		{9F460A23-143D-4D2E-98B3-CDE1CDD2D8DC}.Release|x64.Build.0 = Release|x64
		{9F460A23-143D-4D2E-98B3-CDE1CDD2D8DC}.Release|x86.ActiveCfg = Release|Win32
		{9F460A23-143D-4D2E-98B3-CDE1CDD2D8DC}.Release|x86.Build.0 = Release|Win32
		{86C8A612-5810-46AF-8FC2-8DC6088C30F3}.Debug|x64.ActiveCfg = Debug|x64
		{86C8A612-5810-46AF-8FC2-8DC6088C30F3}.Debug|x64.Build.0 = Debug|x64
		{86C8A612-5810-46AF-8FC2-8DC6088C30F3}.Debug|x86.ActiveCfg = Debug|Win32
		{86C8A612-5810-46AF-8FC2-8DC6088C30F3}.Debug|x86.Build.0 = Debug|Win32
		{86C8A612-5810-46AF-8FC2-8DC6088C30F3}.Release|x64.ActiveCfg = Release|x64
		{86C8A612-5810-46AF-8FC2-8DC6088C30F3}.Release|x64.Build.0 = Release|x64
		{86C8A612-5810-46AF-8FC2-8DC6088C30F3}.Release|x86.ActiveCfg = Release|Win32
		{86C8A612-5810-46AF-8FC2-8DC6088C30F3}.Release|x86.Build.0 = Release|Win32
		{F8AD8CC3-5D0E-4A49-8B01-6B9D95709C92}.Debug|x64.ActiveCfg = Debug|x64
		{F8AD8CC3-5D0E-4A49-8B01-6B9D95709C92}.Debug|x64.Build.0 = Debug|x64
		{F8AD8CC3-5D0E-4A49-8B01-6B9D95709C92}.Debug|x86.ActiveCfg = Debug|Win32
		{F8AD8CC3-5D0E-4A49-8B01-6B9D95709C92}.Debug|x86.Build.0 = Debug|Win32
		{F8AD8CC3-5D0E-4A49-8B01-6B9D95709C92}.Release|x64.ActiveCfg = Release|x64
		{F8AD8CC3-5D0E-4A49-8B01-6B9D95709C92}.Release|x64.Build.0 = Release|x64
		{F8AD8CC3-5D0E-4A49-8B01-6B9D95709C92}.Release|x86.ActiveCfg = Release|Win32
		{F8AD8CC3-5D0E-4A49-8B01-6B9D95709C92}.Release|x86.Build.0 = Release|Win32
		{C398119E-08E1-461D-8D57-AF092AF80056}.Debug|x64.ActiveCfg = Debug|x64
		{C398119E-08E1-461D-8D57-AF092AF80056}.Debug|x64.Build.0 = Debug|x64
		{C398119E-08E1-461D-8D57-AF092AF80056}.Debug|x86.ActiveCfg = Debug|Win32
		{C398119E-08E1-461D-8D57-AF092AF80056}.Debug|x86.Build.0 = Debug|Win32
		{C398119E-08E1-461D-8D57-AF092AF80056}.Release|x64.ActiveCfg = Release|x64
		{C398119E-08E1-461D-8D57-AF092AF80056}.Release|x64.Build.0 = Release|x64
		{C398119E-08E1-461D-8D57-AF092AF80056}.Release|x86.ActiveCfg = Release|Win32
		{C398119E-08E1-461D-8D57-AF092AF80056}.Release|x86.Build.0 = Release|Win32
		{8D92E4DD-D4CD-479A-A0CA-EDDD2C8ED2D2}.Debug|x64.ActiveCfg = Debug|x64
		{8D92E4DD-D4CD-479A-A0CA-EDDD2C8ED2D2}.Debug|x64.Build.0 = Debug|x64
		{8D92E4DD-D4CD-479A-A0CA-EDDD2C8ED2D2}.Debug|x86.ActiveCfg = Debug|Win32
		{8D92E4DD-D4CD-479A-A0CA-EDDD2C8ED2D2}.Debug|x86.Build.0 = Debug|Win32
		{8D92E4DD-D4CD-479A-A0CA-EDDD2C8ED2D2}.Release|x64.ActiveCfg = Release|x64
		{8D92E4DD-D4CD-479A-A0CA-EDDD2C8ED2D2}.Release|x64.Build.0 = Release|x64
		{8D92E4DD-D4CD-479A-A0CA-EDDD2C8ED2D2}.Release|x86.ActiveCfg = Release|Win32
		{8D92E4DD-D4CD-479A-A0CA-EDDD2C8ED2D2}.Release|x86.Build.0 = Release|Win32
		{4F2F4926-02D5-4524-88E6-D9F06CC399D0}.Debug|x64.ActiveCfg = Debug|x64
		{4F2F4926-02D5-4524-88E6-D9F06CC399D0}.Debug|x64.Build.0 = Debug|x64
		{4F2F4926-02D5-4524-88E6-D9F06CC399D0}.Debug|x86.ActiveCfg = Debug|Win32
		{4F2F4926-02D5-4524-88E6-D9F06CC399D0}.Debug|x86.Build.0 = Debug|Win32
		{4F2F4926-02D5-4524-88E6-D9F06CC399D0}.Release|x64.ActiveCfg = Release|x64
		{4F2F4926-02D5-4524-88E6-D9F06CC399D0}.Release|x64.Build.0 = Release|x64
		{4F2F4926-02D5-4524-88E6-D9F06CC399D0}.Release|x86.ActiveCfg = Release|Win32
		{4F2F4926-02D5-4524-88E6-D9F06CC399D0}.Release|x86.Build.0 = Release|Win32
	EndGlobalSection
	GlobalSection(SolutionProperties) = preSolution
		HideSolutionNode = FALSE
	EndGlobalSection
	GlobalSection(ExtensibilityGlobals) = postSolution
		SolutionGuid = {8D73097D-A452-41D9-B3B9-2E0BC6BBF408}
	EndGlobalSection
EndGlobal
